# Generated by pub
# See https://dart.dev/tools/pub/glossary#lockfile
packages:
  _fe_analyzer_shared:
    dependency: transitive
    description:
      name: _fe_analyzer_shared
      url: "https://pub.dartlang.org"
    source: hosted
    version: "18.0.0"
  analyzer:
    dependency: transitive
    description:
      name: analyzer
      url: "https://pub.dartlang.org"
    source: hosted
    version: "1.2.0"
  another_flushbar:
    dependency: "direct main"
    description:
      name: another_flushbar
      url: "https://pub.dartlang.org"
    source: hosted
    version: "1.10.17"
  archive:
    dependency: transitive
    description:
      name: archive
      url: "https://pub.dartlang.org"
    source: hosted
    version: "3.1.2"
  args:
    dependency: transitive
    description:
      name: args
      url: "https://pub.dartlang.org"
    source: hosted
    version: "2.0.0"
  async:
    dependency: transitive
    description:
      name: async
      url: "https://pub.dartlang.org"
    source: hosted
    version: "2.5.0"
  auto_route:
    dependency: "direct main"
    description:
      name: auto_route
      url: "https://pub.dartlang.org"
    source: hosted
    version: "1.0.2"
  auto_route_generator:
    dependency: "direct dev"
    description:
      name: auto_route_generator
      url: "https://pub.dartlang.org"
    source: hosted
    version: "1.0.2"
  bloc:
    dependency: transitive
    description:
      name: bloc
      url: "https://pub.dartlang.org"
    source: hosted
    version: "7.0.0"
  boolean_selector:
    dependency: transitive
    description:
      name: boolean_selector
      url: "https://pub.dartlang.org"
    source: hosted
    version: "2.1.0"
  build:
    dependency: transitive
    description:
      name: build
      url: "https://pub.dartlang.org"
    source: hosted
    version: "2.0.0"
  build_config:
    dependency: transitive
    description:
      name: build_config
      url: "https://pub.dartlang.org"
    source: hosted
    version: "0.4.7"
  build_daemon:
    dependency: transitive
    description:
      name: build_daemon
      url: "https://pub.dartlang.org"
    source: hosted
    version: "2.1.10"
  build_resolvers:
    dependency: transitive
    description:
      name: build_resolvers
      url: "https://pub.dartlang.org"
    source: hosted
    version: "2.0.0"
  build_runner:
    dependency: "direct dev"
    description:
      name: build_runner
      url: "https://pub.dartlang.org"
    source: hosted
    version: "1.12.2"
  build_runner_core:
    dependency: transitive
    description:
      name: build_runner_core
      url: "https://pub.dartlang.org"
    source: hosted
    version: "6.1.12"
  built_collection:
    dependency: transitive
    description:
      name: built_collection
      url: "https://pub.dartlang.org"
    source: hosted
    version: "5.0.0"
  built_value:
    dependency: transitive
    description:
      name: built_value
      url: "https://pub.dartlang.org"
    source: hosted
    version: "8.0.3"
  cached_network_image:
    dependency: "direct main"
    description:
      name: cached_network_image
      url: "https://pub.dartlang.org"
    source: hosted
    version: "3.0.0-nullsafety"
  characters:
    dependency: transitive
    description:
      name: characters
      url: "https://pub.dartlang.org"
    source: hosted
    version: "1.1.0"
  charcode:
    dependency: transitive
    description:
      name: charcode
      url: "https://pub.dartlang.org"
    source: hosted
    version: "1.2.0"
  checked_yaml:
    dependency: transitive
    description:
      name: checked_yaml
      url: "https://pub.dartlang.org"
    source: hosted
    version: "2.0.1"
  chewie:
    dependency: transitive
    description:
      name: chewie
      url: "https://pub.dartlang.org"
    source: hosted
    version: "1.0.0"
  chewie_audio:
    dependency: transitive
    description:
      name: chewie_audio
      url: "https://pub.dartlang.org"
    source: hosted
    version: "1.2.0"
  cli_util:
    dependency: transitive
    description:
      name: cli_util
      url: "https://pub.dartlang.org"
    source: hosted
    version: "0.3.0"
  clock:
    dependency: transitive
    description:
      name: clock
      url: "https://pub.dartlang.org"
    source: hosted
    version: "1.1.0"
  code_builder:
    dependency: transitive
    description:
      name: code_builder
      url: "https://pub.dartlang.org"
    source: hosted
    version: "3.7.0"
  collection:
    dependency: transitive
    description:
      name: collection
      url: "https://pub.dartlang.org"
    source: hosted
    version: "1.15.0"
  connectivity:
    dependency: "direct main"
    description:
      name: connectivity
      url: "https://pub.dartlang.org"
    source: hosted
    version: "3.0.3"
  connectivity_for_web:
    dependency: transitive
    description:
      name: connectivity_for_web
      url: "https://pub.dartlang.org"
    source: hosted
    version: "0.4.0"
  connectivity_macos:
    dependency: transitive
    description:
      name: connectivity_macos
      url: "https://pub.dartlang.org"
    source: hosted
    version: "0.2.0"
  connectivity_platform_interface:
    dependency: transitive
    description:
      name: connectivity_platform_interface
      url: "https://pub.dartlang.org"
    source: hosted
    version: "2.0.1"
  convert:
    dependency: transitive
    description:
      name: convert
      url: "https://pub.dartlang.org"
    source: hosted
    version: "3.0.0"
  crypto:
    dependency: transitive
    description:
      name: crypto
      url: "https://pub.dartlang.org"
    source: hosted
    version: "3.0.0"
  css_colors:
    dependency: transitive
    description:
      name: css_colors
      url: "https://pub.dartlang.org"
    source: hosted
    version: "1.1.0"
  csslib:
    dependency: transitive
    description:
      name: csslib
      url: "https://pub.dartlang.org"
    source: hosted
    version: "0.17.0"
  cupertino_icons:
    dependency: "direct main"
    description:
      name: cupertino_icons
      url: "https://pub.dartlang.org"
    source: hosted
    version: "1.0.2"
  dart_style:
    dependency: transitive
    description:
      name: dart_style
      url: "https://pub.dartlang.org"
    source: hosted
    version: "2.0.0"
  dependency_validator:
    dependency: "direct dev"
    description:
      path: "."
      ref: nnbd
      resolved-ref: "275e27b7106babb7698bbb99a8264b62111c0320"
      url: "https://github.com/Workiva/dependency_validator.git"
    source: git
    version: "2.0.1"
  dio:
    dependency: "direct main"
    description:
      name: dio
      url: "https://pub.dartlang.org"
    source: hosted
    version: "4.0.0"
  dio_cache_interceptor:
    dependency: "direct main"
    description:
      name: dio_cache_interceptor
      url: "https://pub.dartlang.org"
    source: hosted
    version: "2.0.0"
  effective_dart:
    dependency: transitive
    description:
      name: effective_dart
      url: "https://pub.dartlang.org"
    source: hosted
    version: "1.3.1"
  extended_text_field:
    dependency: "direct main"
    description:
      path: "."
      ref: HEAD
      resolved-ref: d9d3c13236fc2b4142eb7ffbed74c4ecac71c3da
      url: "https://github.com/NamanShergill/extended_text_field.git"
    source: git
    version: "6.0.1"
  extended_text_library:
    dependency: transitive
    description:
      name: extended_text_library
      url: "https://pub.dartlang.org"
    source: hosted
    version: "5.0.2"
  fake_async:
    dependency: transitive
    description:
      name: fake_async
      url: "https://pub.dartlang.org"
    source: hosted
    version: "1.2.0"
  ffi:
    dependency: transitive
    description:
      name: ffi
      url: "https://pub.dartlang.org"
    source: hosted
    version: "1.0.0"
  file:
    dependency: transitive
    description:
      name: file
      url: "https://pub.dartlang.org"
    source: hosted
    version: "6.1.0"
  fixnum:
    dependency: transitive
    description:
      name: fixnum
      url: "https://pub.dartlang.org"
    source: hosted
    version: "1.0.0"
  flutter:
    dependency: "direct main"
    description: flutter
    source: sdk
    version: "0.0.0"
  flutter_bloc:
    dependency: "direct main"
    description:
      name: flutter_bloc
      url: "https://pub.dartlang.org"
    source: hosted
    version: "7.0.0"
  flutter_blurhash:
    dependency: transitive
    description:
      name: flutter_blurhash
      url: "https://pub.dartlang.org"
    source: hosted
    version: "0.5.4-nullsafety.0"
  flutter_cache_manager:
    dependency: transitive
    description:
      name: flutter_cache_manager
      url: "https://pub.dartlang.org"
    source: hosted
    version: "3.0.0-nullsafety.1"
  flutter_countdown_timer:
    dependency: "direct main"
    description:
      name: flutter_countdown_timer
      url: "https://pub.dartlang.org"
    source: hosted
    version: "4.0.2"
  flutter_datetime_picker:
    dependency: "direct main"
    description:
      name: flutter_datetime_picker
      url: "https://pub.dartlang.org"
    source: hosted
    version: "1.5.0"
  flutter_emoji:
    dependency: "direct main"
    description:
      name: flutter_emoji
      url: "https://pub.dartlang.org"
    source: hosted
    version: "2.2.1+1"
  flutter_highlight:
    dependency: "direct main"
    description:
      path: flutter_highlight
      ref: master
      resolved-ref: "6d982b74e50ca18e7be712971fd42ab5e96ae1fb"
      url: "https://github.com/NamanShergill/onehub_highlight.dart.git"
    source: git
    version: "0.7.0"
  flutter_html:
    dependency: "direct main"
    description:
      path: "."
      ref: "4688f1a91421a76ea5c27e29889fadce6b6b4102"
      resolved-ref: "4688f1a91421a76ea5c27e29889fadce6b6b4102"
      url: "https://github.com/Sub6Resources/flutter_html.git"
    source: git
    version: "2.0.0-nullsafety.0"
  flutter_icons:
    dependency: "direct main"
    description:
      name: flutter_icons
      url: "https://pub.dartlang.org"
    source: hosted
    version: "1.1.0"
  flutter_keyboard_visibility:
    dependency: "direct main"
    description:
      name: flutter_keyboard_visibility
      url: "https://pub.dartlang.org"
    source: hosted
    version: "5.0.0"
  flutter_keyboard_visibility_platform_interface:
    dependency: transitive
    description:
      name: flutter_keyboard_visibility_platform_interface
      url: "https://pub.dartlang.org"
    source: hosted
    version: "2.0.0"
  flutter_keyboard_visibility_web:
    dependency: transitive
    description:
      name: flutter_keyboard_visibility_web
      url: "https://pub.dartlang.org"
    source: hosted
    version: "2.0.0"
  flutter_launcher_icons:
    dependency: "direct dev"
    description:
      name: flutter_launcher_icons
      url: "https://pub.dartlang.org"
    source: hosted
    version: "0.9.0"
  flutter_layout_grid:
    dependency: transitive
    description:
      name: flutter_layout_grid
      url: "https://pub.dartlang.org"
    source: hosted
    version: "1.0.0-nullsafety.6"
  flutter_portal:
    dependency: "direct main"
    description:
      name: flutter_portal
      url: "https://pub.dartlang.org"
    source: hosted
    version: "0.4.0-nullsafety.0"
  flutter_reaction_button:
    dependency: "direct main"
    description:
      name: flutter_reaction_button
      url: "https://pub.dartlang.org"
    source: hosted
    version: "1.0.8"
  flutter_secure_storage:
    dependency: "direct main"
    description:
      path: "."
      ref: "2ad3cf2ea344b93742418af655537d2acc7043ec"
      resolved-ref: "2ad3cf2ea344b93742418af655537d2acc7043ec"
      url: "https://github.com/mogol/flutter_secure_storage.git"
    source: git
    version: "4.1.0"
  flutter_slidable:
    dependency: "direct main"
    description:
      name: flutter_slidable
      url: "https://pub.dartlang.org"
    source: hosted
    version: "0.6.0-nullsafety.0"
  flutter_spinkit:
    dependency: "direct main"
    description:
      name: flutter_spinkit
      url: "https://pub.dartlang.org"
    source: hosted
    version: "5.0.0"
  flutter_svg:
    dependency: "direct main"
    description:
      name: flutter_svg
      url: "https://pub.dartlang.org"
    source: hosted
    version: "0.21.0-nullsafety.0"
  flutter_test:
    dependency: "direct dev"
    description: flutter
    source: sdk
    version: "0.0.0"
  flutter_web_plugins:
    dependency: transitive
    description: flutter
    source: sdk
    version: "0.0.0"
  glob:
    dependency: transitive
    description:
      name: glob
      url: "https://pub.dartlang.org"
    source: hosted
    version: "2.0.1"
  google_nav_bar:
    dependency: "direct main"
    description:
      path: "."
      ref: master
      resolved-ref: "1e1aa3b2fa3a5e94b81cea94d9ad44cecf6e6ef9"
      url: "https://github.com/NamanShergill/onehub_google_nav_bar.git"
    source: git
    version: "4.0.2"
  gql:
    dependency: transitive
    description:
      name: gql
      url: "https://pub.dartlang.org"
    source: hosted
    version: "0.13.0-nullsafety.2"
  gql_dedupe_link:
    dependency: transitive
    description:
      name: gql_dedupe_link
      url: "https://pub.dartlang.org"
    source: hosted
    version: "2.0.0-nullsafety.1"
  gql_error_link:
    dependency: transitive
    description:
      name: gql_error_link
      url: "https://pub.dartlang.org"
    source: hosted
    version: "0.2.0-nullsafety.1"
  gql_exec:
    dependency: transitive
    description:
      name: gql_exec
      url: "https://pub.dartlang.org"
    source: hosted
    version: "0.3.0-nullsafety.2"
  gql_http_link:
    dependency: transitive
    description:
      name: gql_http_link
      url: "https://pub.dartlang.org"
    source: hosted
    version: "0.4.0-nullsafety.1"
  gql_link:
    dependency: transitive
    description:
      name: gql_link
      url: "https://pub.dartlang.org"
    source: hosted
    version: "0.4.0-nullsafety.2"
  gql_transform_link:
    dependency: transitive
    description:
      name: gql_transform_link
      url: "https://pub.dartlang.org"
    source: hosted
    version: "0.2.0-nullsafety.1"
  graphql:
    dependency: "direct main"
    description:
      name: graphql
      url: "https://pub.dartlang.org"
    source: hosted
    version: "5.0.0-nullsafety.3"
  graphs:
    dependency: transitive
    description:
      name: graphs
      url: "https://pub.dartlang.org"
    source: hosted
    version: "1.0.0"
  highlight:
    dependency: transitive
    description:
      name: highlight
      url: "https://pub.dartlang.org"
    source: hosted
    version: "0.7.0"
  hive:
    dependency: transitive
    description:
      name: hive
      url: "https://pub.dartlang.org"
    source: hosted
    version: "2.0.0"
  html:
    dependency: transitive
    description:
      name: html
      url: "https://pub.dartlang.org"
    source: hosted
    version: "0.15.0"
  http:
    dependency: transitive
    description:
      name: http
      url: "https://pub.dartlang.org"
    source: hosted
    version: "0.13.0"
  http_multi_server:
    dependency: transitive
    description:
      name: http_multi_server
      url: "https://pub.dartlang.org"
    source: hosted
    version: "2.2.0"
  http_parser:
    dependency: transitive
    description:
      name: http_parser
      url: "https://pub.dartlang.org"
    source: hosted
    version: "4.0.0"
  image:
    dependency: transitive
    description:
      name: image
      url: "https://pub.dartlang.org"
    source: hosted
    version: "3.0.1"
  infinite_scroll_pagination:
    dependency: "direct main"
    description:
      name: infinite_scroll_pagination
      url: "https://pub.dartlang.org"
    source: hosted
    version: "3.0.1"
  intl:
    dependency: "direct main"
    description:
      name: intl
      url: "https://pub.dartlang.org"
    source: hosted
    version: "0.17.0"
  io:
    dependency: transitive
    description:
      name: io
      url: "https://pub.dartlang.org"
    source: hosted
    version: "0.3.5"
  js:
    dependency: transitive
    description:
      name: js
      url: "https://pub.dartlang.org"
    source: hosted
    version: "0.6.3"
  json_annotation:
    dependency: transitive
    description:
      name: json_annotation
      url: "https://pub.dartlang.org"
    source: hosted
    version: "4.0.1"
  line_icons:
    dependency: "direct main"
    description:
      name: line_icons
      url: "https://pub.dartlang.org"
    source: hosted
    version: "2.0.1"
  logger:
    dependency: "direct main"
    description:
      name: logger
      url: "https://pub.dartlang.org"
    source: hosted
    version: "1.0.0"
  logging:
    dependency: transitive
    description:
      name: logging
      url: "https://pub.dartlang.org"
    source: hosted
    version: "1.0.1"
  markdown:
    dependency: "direct main"
    description:
      name: markdown
      url: "https://pub.dartlang.org"
    source: hosted
    version: "4.0.0"
  markdown_editable_textinput:
    dependency: "direct main"
    description:
      path: "."
      ref: master
      resolved-ref: "6f8fe436a457323d42bf100b0b4d51b170a8839c"
      url: "https://github.com/NamanShergill/onehub_markdown-editable-textinput"
    source: git
    version: "1.0.2"
  matcher:
    dependency: transitive
    description:
      name: matcher
      url: "https://pub.dartlang.org"
    source: hosted
    version: "0.12.10"
  meta:
    dependency: transitive
    description:
      name: meta
      url: "https://pub.dartlang.org"
    source: hosted
    version: "1.3.0"
  mime:
    dependency: "direct main"
    description:
      name: mime
      url: "https://pub.dartlang.org"
    source: hosted
    version: "1.0.0"
  moor:
    dependency: transitive
    description:
      name: moor
      url: "https://pub.dartlang.org"
    source: hosted
    version: "4.1.0"
  nested:
    dependency: transitive
    description:
      name: nested
      url: "https://pub.dartlang.org"
    source: hosted
    version: "1.0.0"
  normalize:
    dependency: transitive
    description:
      name: normalize
      url: "https://pub.dartlang.org"
    source: hosted
    version: "0.5.0-nullsafety.0"
  octo_image:
    dependency: transitive
    description:
      name: octo_image
      url: "https://pub.dartlang.org"
    source: hosted
    version: "1.0.0-nullsafety.1"
  package_config:
    dependency: transitive
    description:
      name: package_config
      url: "https://pub.dartlang.org"
    source: hosted
    version: "2.0.0"
  path:
    dependency: transitive
    description:
      name: path
      url: "https://pub.dartlang.org"
    source: hosted
    version: "1.8.0"
  path_drawing:
    dependency: transitive
    description:
      name: path_drawing
      url: "https://pub.dartlang.org"
    source: hosted
    version: "0.5.0-nullsafety.0"
  path_parsing:
    dependency: transitive
    description:
      name: path_parsing
      url: "https://pub.dartlang.org"
    source: hosted
    version: "0.2.0-nullsafety.0"
  path_provider:
    dependency: "direct main"
    description:
      name: path_provider
      url: "https://pub.dartlang.org"
    source: hosted
    version: "2.0.1"
  path_provider_linux:
    dependency: transitive
    description:
      name: path_provider_linux
      url: "https://pub.dartlang.org"
    source: hosted
    version: "2.0.0"
  path_provider_macos:
    dependency: transitive
    description:
      name: path_provider_macos
      url: "https://pub.dartlang.org"
    source: hosted
    version: "2.0.0"
  path_provider_platform_interface:
    dependency: transitive
    description:
      name: path_provider_platform_interface
      url: "https://pub.dartlang.org"
    source: hosted
    version: "2.0.1"
  path_provider_windows:
    dependency: transitive
    description:
      name: path_provider_windows
      url: "https://pub.dartlang.org"
    source: hosted
    version: "2.0.0"
  pedantic:
    dependency: transitive
    description:
      name: pedantic
      url: "https://pub.dartlang.org"
    source: hosted
    version: "1.11.0"
  petitparser:
    dependency: transitive
    description:
      name: petitparser
      url: "https://pub.dartlang.org"
    source: hosted
    version: "4.0.2"
  platform:
    dependency: transitive
    description:
      name: platform
      url: "https://pub.dartlang.org"
    source: hosted
    version: "3.0.0"
  plugin_platform_interface:
    dependency: transitive
    description:
      name: plugin_platform_interface
      url: "https://pub.dartlang.org"
    source: hosted
    version: "2.0.0"
  pool:
    dependency: transitive
    description:
      name: pool
      url: "https://pub.dartlang.org"
    source: hosted
    version: "1.5.0"
  pretty_dio_logger:
    dependency: "direct main"
    description:
      name: pretty_dio_logger
      url: "https://pub.dartlang.org"
    source: hosted
    version: "1.2.0-beta-1"
  process:
    dependency: transitive
    description:
      name: process
      url: "https://pub.dartlang.org"
    source: hosted
    version: "4.1.0"
  provider:
    dependency: "direct main"
    description:
      name: provider
      url: "https://pub.dartlang.org"
    source: hosted
    version: "5.0.0"
  pub_semver:
    dependency: transitive
    description:
      name: pub_semver
      url: "https://pub.dartlang.org"
    source: hosted
    version: "2.0.0"
  pubspec_parse:
    dependency: transitive
    description:
      name: pubspec_parse
      url: "https://pub.dartlang.org"
    source: hosted
    version: "1.0.0"
  quiver:
    dependency: transitive
    description:
      name: quiver
      url: "https://pub.dartlang.org"
    source: hosted
    version: "3.0.0"
  rxdart:
    dependency: transitive
    description:
      name: rxdart
      url: "https://pub.dartlang.org"
    source: hosted
    version: "0.26.0"
  share:
    dependency: "direct main"
    description:
      name: share
      url: "https://pub.dartlang.org"
    source: hosted
    version: "2.0.1"
  shelf:
    dependency: transitive
    description:
      name: shelf
      url: "https://pub.dartlang.org"
    source: hosted
    version: "1.1.0"
  shelf_web_socket:
    dependency: transitive
    description:
      name: shelf_web_socket
      url: "https://pub.dartlang.org"
    source: hosted
    version: "0.2.4+1"
  shimmer:
    dependency: "direct main"
    description:
      name: shimmer
      url: "https://pub.dartlang.org"
    source: hosted
    version: "2.0.0-nullsafety.0"
  sky_engine:
    dependency: transitive
    description: flutter
    source: sdk
    version: "0.0.99"
  sliver_tools:
    dependency: "direct main"
    description:
      name: sliver_tools
      url: "https://pub.dartlang.org"
    source: hosted
    version: "0.2.1"
  source_gen:
    dependency: transitive
    description:
      name: source_gen
      url: "https://pub.dartlang.org"
    source: hosted
    version: "1.0.0"
  source_span:
    dependency: transitive
    description:
      name: source_span
      url: "https://pub.dartlang.org"
    source: hosted
    version: "1.8.0"
  sqflite:
    dependency: transitive
    description:
      name: sqflite
      url: "https://pub.dartlang.org"
    source: hosted
    version: "2.0.0+3"
  sqflite_common:
    dependency: transitive
    description:
      name: sqflite_common
      url: "https://pub.dartlang.org"
    source: hosted
    version: "2.0.0+2"
  sqlite3:
    dependency: transitive
    description:
      name: sqlite3
      url: "https://pub.dartlang.org"
    source: hosted
    version: "1.0.0"
  sqlite3_flutter_libs:
    dependency: "direct main"
    description:
      name: sqlite3_flutter_libs
      url: "https://pub.dartlang.org"
    source: hosted
    version: "0.4.1"
  stack_trace:
    dependency: transitive
    description:
      name: stack_trace
      url: "https://pub.dartlang.org"
    source: hosted
    version: "1.10.0"
  stream_channel:
    dependency: transitive
    description:
      name: stream_channel
      url: "https://pub.dartlang.org"
    source: hosted
    version: "2.1.0"
  stream_transform:
    dependency: transitive
    description:
      name: stream_transform
      url: "https://pub.dartlang.org"
    source: hosted
    version: "2.0.0"
  string_scanner:
    dependency: transitive
    description:
      name: string_scanner
      url: "https://pub.dartlang.org"
    source: hosted
    version: "1.1.0"
  synchronized:
    dependency: transitive
    description:
      name: synchronized
      url: "https://pub.dartlang.org"
    source: hosted
    version: "3.0.0"
  term_glyph:
    dependency: transitive
    description:
      name: term_glyph
      url: "https://pub.dartlang.org"
    source: hosted
    version: "1.2.0"
  test_api:
    dependency: transitive
    description:
      name: test_api
      url: "https://pub.dartlang.org"
    source: hosted
    version: "0.2.19"
  timing:
    dependency: transitive
    description:
      name: timing
      url: "https://pub.dartlang.org"
    source: hosted
    version: "0.1.1+3"
  typed_data:
    dependency: transitive
    description:
      name: typed_data
      url: "https://pub.dartlang.org"
    source: hosted
    version: "1.3.0"
  url_launcher:
    dependency: "direct main"
    description:
      name: url_launcher
      url: "https://pub.dartlang.org"
    source: hosted
    version: "6.0.2"
  url_launcher_linux:
    dependency: transitive
    description:
      name: url_launcher_linux
      url: "https://pub.dartlang.org"
    source: hosted
    version: "2.0.0"
  url_launcher_macos:
    dependency: transitive
    description:
      name: url_launcher_macos
      url: "https://pub.dartlang.org"
    source: hosted
    version: "2.0.0"
  url_launcher_platform_interface:
    dependency: transitive
    description:
      name: url_launcher_platform_interface
      url: "https://pub.dartlang.org"
    source: hosted
    version: "2.0.2"
  url_launcher_web:
    dependency: transitive
    description:
      name: url_launcher_web
      url: "https://pub.dartlang.org"
    source: hosted
    version: "2.0.0"
  url_launcher_windows:
    dependency: transitive
    description:
      name: url_launcher_windows
      url: "https://pub.dartlang.org"
    source: hosted
    version: "2.0.0"
  uuid:
    dependency: transitive
    description:
      name: uuid
      url: "https://pub.dartlang.org"
    source: hosted
    version: "3.0.1"
  vector_math:
    dependency: transitive
    description:
      name: vector_math
      url: "https://pub.dartlang.org"
    source: hosted
    version: "2.1.0"
  video_player:
    dependency: transitive
    description:
      name: video_player
      url: "https://pub.dartlang.org"
    source: hosted
    version: "2.0.2"
  video_player_platform_interface:
    dependency: transitive
    description:
      name: video_player_platform_interface
      url: "https://pub.dartlang.org"
    source: hosted
    version: "4.0.0"
  video_player_web:
    dependency: transitive
    description:
      name: video_player_web
      url: "https://pub.dartlang.org"
    source: hosted
    version: "2.0.0"
  wakelock:
    dependency: transitive
    description:
      name: wakelock
      url: "https://pub.dartlang.org"
    source: hosted
    version: "0.4.0"
  wakelock_macos:
    dependency: transitive
    description:
      name: wakelock_macos
      url: "https://pub.dartlang.org"
    source: hosted
    version: "0.1.0"
  wakelock_platform_interface:
    dependency: transitive
    description:
      name: wakelock_platform_interface
      url: "https://pub.dartlang.org"
    source: hosted
    version: "0.2.0"
  wakelock_web:
    dependency: transitive
    description:
      name: wakelock_web
      url: "https://pub.dartlang.org"
    source: hosted
    version: "0.2.0"
  watcher:
    dependency: transitive
    description:
      name: watcher
      url: "https://pub.dartlang.org"
    source: hosted
    version: "1.0.0"
  web_socket_channel:
    dependency: transitive
    description:
      name: web_socket_channel
      url: "https://pub.dartlang.org"
    source: hosted
    version: "2.0.0"
  webview_flutter:
    dependency: "direct main"
    description:
      name: webview_flutter
      url: "https://pub.dartlang.org"
    source: hosted
    version: "2.0.4"
  win32:
    dependency: transitive
    description:
      name: win32
      url: "https://pub.dartlang.org"
    source: hosted
    version: "2.0.4"
  xdg_directories:
    dependency: transitive
    description:
      name: xdg_directories
      url: "https://pub.dartlang.org"
    source: hosted
    version: "0.2.0"
  xml:
    dependency: transitive
    description:
      name: xml
      url: "https://pub.dartlang.org"
    source: hosted
    version: "5.0.2"
  yaml:
    dependency: transitive
    description:
      name: yaml
      url: "https://pub.dartlang.org"
    source: hosted
    version: "3.1.0"
sdks:
  dart: ">=2.12.0 <3.0.0"
  flutter: ">=2.0.0"
